dependencies:
- name: redis
  repository: https://charts.bitnami.com/bitnami
  version: 18.0.4
- name: mongodb
  repository: https://charts.bitnami.com/bitnami
  version: 13.18.4
- name: oathkeeper
  repository: https://k8s.ory.sh/helm/charts
  version: 0.36.0
- name: kratos
  repository: https://k8s.ory.sh/helm/charts
  version: 0.36.0
- name: router
  repository: oci://ghcr.io/apollographql/helm-charts
  version: 1.25.0
- name: price
  repository: file://../price
  version: 0.3.0
digest: sha256:5f3e1505176098f1c3d4b2cf18f1454c2400fb8e1cf854a828298ade00fca111
generated: "2024-03-06T12:59:57.028415467-06:00"
