{
  "version": 4,
  "terraform_version": "1.7.4",
  "serial": 11,
  "lineage": "58e915ac-6db0-09d0-6315-0f64ade9711d",
  "outputs": {},
  "resources": [
    {
      "mode": "data",
      "type": "cloudflare_zones",
      "name": "staging",
      "provider": "provider[\"registry.terraform.io/cloudflare/cloudflare\"]",
      "instances": [
        {
          "schema_version": 0,
          "attributes": {
            "filter": [
              {
                "account_id": "",
                "lookup_type": "exact",
                "match": "",
                "name": "flashapp.me",
                "paused": false,
                "status": ""
              }
            ],
            "id": "d83a1ffa909960f6bbc9aeb71aea4f95",
            "zones": [
              {
                "id": "e7454b5ba25146abe8f61821528d0a23",
                "name": "flashapp.me"
              }
            ]
          },
          "sensitive_attributes": []
        }
      ]
    },
    {
      "mode": "managed",
      "type": "cloudflare_record",
      "name": "set",
      "provider": "provider[\"registry.terraform.io/cloudflare/cloudflare\"]",
      "instances": [
        {
          "schema_version": 2,
          "attributes": {
            "allow_overwrite": true,
            "comment": "",
            "created_on": "2024-03-09T18:54:29.926983Z",
            "data": [],
            "hostname": "staging.flashapp.me",
            "id": "26d7d166f4c57a857c9df57e5ac08e8b",
            "metadata": {
              "auto_added": "false",
              "managed_by_apps": "false",
              "managed_by_argo_tunnel": "false"
            },
            "modified_on": "2024-03-09T18:54:29.926983Z",
            "name": "staging.flashapp.me",
            "priority": null,
            "proxiable": true,
            "proxied": false,
            "tags": null,
            "timeouts": null,
            "ttl": 3600,
            "type": "A",
            "value": "143.244.202.98",
            "zone_id": "e7454b5ba25146abe8f61821528d0a23"
          },
          "sensitive_attributes": [],
          "private": "eyJlMmJmYjczMC1lY2FhLTExZTYtOGY4OC0zNDM2M2JjN2M0YzAiOnsiY3JlYXRlIjozMDAwMDAwMDAwMCwidXBkYXRlIjozMDAwMDAwMDAwMH0sInNjaGVtYV92ZXJzaW9uIjoiMiJ9"
        }
      ]
    }
  ],
  "check_results": null
}
