dependencies:
- name: redis
  repository: https://charts.bitnami.com/bitnami
  version: 17.3.12
- name: postgresql
  repository: https://charts.bitnami.com/bitnami
  version: 11.9.6
- name: postgresql
  repository: https://charts.bitnami.com/bitnami
  version: 11.9.6
digest: sha256:6ccd061ec91077c06d01a58a6177788b1c336e11447219c06711694219ae11a7
generated: "2022-12-01T11:50:58.08692192Z"
