dependencies:
- name: redis
  repository: https://charts.bitnami.com/bitnami
  version: 17.1.5
- name: postgresql
  repository: https://charts.bitnami.com/bitnami
  version: 11.8.1
- name: postgresql
  repository: https://charts.bitnami.com/bitnami
  version: 11.8.1
digest: sha256:697b9e13051ef78d4c1c91466e6213d737f09b0839c87d7a41b11cce81316803
generated: "2022-09-14T10:24:27.90047963Z"
