dependencies:
- name: redis
  repository: https://charts.bitnami.com/bitnami
  version: 17.2.0
- name: postgresql
  repository: https://charts.bitnami.com/bitnami
  version: 11.9.7
- name: postgresql
  repository: https://charts.bitnami.com/bitnami
  version: 11.9.7
digest: sha256:54c7431b72142c997a5bb136c5173195d44a9fa8f90ebd6e14f1ab33b0dc87ac
generated: "2022-10-07T07:40:07.759003803Z"
