dependencies:
- name: postgresql
  repository: https://charts.bitnami.com/bitnami
  version: 11.6.21
- name: common
  repository: https://charts.bitnami.com/bitnami
  version: 1.13.0
digest: sha256:5a5cb49c334ef3d70e07da9146adef5c60e397354abc2210e68e14ed1158c4f3
generated: "2022-08-01T16:00:20.378193613Z"
