dependencies:
- name: postgresql
  repository: https://charts.bitnami.com/bitnami
  version: 11.7.0
- name: common
  repository: https://charts.bitnami.com/bitnami
  version: 1.13.0
digest: sha256:e4a4698fe8ebf9d3f30b239ea46edee9030103f20c24fdf441f0640dc8f6a0d3
generated: "2022-08-11T15:07:22.758403397Z"
