dependencies:
- name: grafana
  repository: https://grafana.github.io/helm-charts
  version: 6.42.1
- name: prometheus
  repository: https://prometheus-community.github.io/helm-charts
  version: 14.11.0
- name: prometheus-blackbox-exporter
  repository: https://prometheus-community.github.io/helm-charts
  version: 5.6.0
digest: sha256:2bf005da1e74fac1cb1b62bfeb920a27cbe0ad62d2a5221d7846db03e7158f98
generated: "2022-10-15T09:16:33.996994159Z"
