dependencies:
- name: grafana
  repository: https://grafana.github.io/helm-charts
  version: 6.42.2
- name: prometheus
  repository: https://prometheus-community.github.io/helm-charts
  version: 14.11.0
- name: prometheus-blackbox-exporter
  repository: https://prometheus-community.github.io/helm-charts
  version: 5.6.0
digest: sha256:158615e97efb753a8f641e702360d10c2564fa11a7d8a1b54ef1d73e68f93fdd
generated: "2022-10-15T17:22:27.365827131Z"
