dependencies:
- name: grafana
  repository: https://grafana.github.io/helm-charts
  version: 6.46.0
- name: prometheus
  repository: https://prometheus-community.github.io/helm-charts
  version: 14.11.0
digest: sha256:80199d4c6dc6aa3f4f58149f0e62d1e7cbcb64359e25920c994b932b0a4712ea
generated: "2022-12-08T00:45:57.576252792Z"
