dependencies:
- name: cert-manager
  repository: https://charts.jetstack.io
  version: v1.14.3
- name: ingress-nginx
  repository: https://kubernetes.github.io/ingress-nginx
  version: 4.7.1
- name: strimzi-kafka-operator
  repository: https://strimzi.io/charts/
  version: 0.44.0
- name: kube-monkey
  repository: https://asobti.github.io/kube-monkey/charts/repo
  version: 1.5.2
- name: opentelemetry-collector
  repository: https://open-telemetry.github.io/opentelemetry-helm-charts
  version: 0.108.0
digest: sha256:99d7334aa4e3663d1df4b54bc2b7cb9f309e041e19ede1ad1b372b0bf566a9ec
generated: "2024-10-30T14:18:41.87333923Z"
