dependencies:
- name: cert-manager
  repository: https://charts.jetstack.io
  version: v1.17.1
- name: ingress-nginx
  repository: https://kubernetes.github.io/ingress-nginx
  version: 4.7.1
- name: strimzi-kafka-operator
  repository: https://strimzi.io/charts/
  version: 0.39.0
- name: kube-monkey
  repository: https://asobti.github.io/kube-monkey/charts/repo
  version: 1.5.2
- name: opentelemetry-collector
  repository: https://open-telemetry.github.io/opentelemetry-helm-charts
  version: 0.122.1
digest: sha256:a9337a7c9fc5dddead2d9b0ed45a91039265a64a811fe756fe8676521d3a63e1
generated: "2025-04-18T17:30:30.582326502Z"
