dependencies:
- name: postgresql
  repository: https://charts.bitnami.com/bitnami
  version: 11.9.6
- name: common
  repository: https://charts.bitnami.com/bitnami
  version: 2.10.0
digest: sha256:375186107c0317480cc514026d789c00ef4b9c202807a245499598a96d88a47c
generated: "2023-09-04T10:20:21.963691161Z"
