dependencies:
- name: postgresql
  repository: https://charts.bitnami.com/bitnami
  version: 12.3.2
- name: common
  repository: https://charts.bitnami.com/bitnami
  version: 2.2.4
digest: sha256:a406e93acc4b06edb76a480e4e156adbcf86d3c13ff06c01833ed3ec30f61bfa
generated: "2023-04-25T06:35:35.723843438Z"
