dependencies:
- name: common
  repository: https://charts.bitnami.com/bitnami
  version: 1.16.1
- name: loop
  repository: ""
  version: x.x.x
- name: loopserver
  repository: ""
  version: x.x.x
- name: lndmon
  repository: ""
  version: x.x.x
- name: postgresql
  repository: https://charts.bitnami.com/bitnami
  version: 11.9.13
digest: sha256:91ffd0424949fd07b60adc29f8bccaa2cb03a984ae8d0d9cbe86d9f7e37892ca
generated: "2022-10-26T17:39:15.402740321Z"
