dependencies:
- name: common
  repository: https://charts.bitnami.com/bitnami
  version: 2.0.3
- name: loop
  repository: ""
  version: x.x.x
- name: loopserver
  repository: ""
  version: x.x.x
- name: lndmon
  repository: ""
  version: x.x.x
- name: postgresql
  repository: https://charts.bitnami.com/bitnami
  version: 11.1.19
digest: sha256:677a52246ab36cfd0904bdc2e7702c9a6a4618c84a09b1a6b0e1bd201b2a207a
generated: "2022-10-15T04:51:53.633207596Z"
