dependencies:
- name: redis
  repository: https://charts.bitnami.com/bitnami
  version: 19.6.0
- name: mongodb
  repository: https://charts.bitnami.com/bitnami
  version: 15.6.15
- name: postgresql
  repository: https://charts.bitnami.com/bitnami
  version: 11.9.13
- name: oathkeeper
  repository: https://k8s.ory.sh/helm/charts
  version: 0.39.1
- name: kratos
  repository: https://k8s.ory.sh/helm/charts
  version: 0.39.1
- name: hydra
  repository: https://k8s.ory.sh/helm/charts
  version: 0.39.1
- name: router
  repository: oci://ghcr.io/apollographql/helm-charts
  version: 1.25.0
digest: sha256:918afa1c1d8d52da09c6ff428bb2dca1da4c5a9468c786a43bc47296db334a46
generated: "2024-07-24T11:11:43.434256443Z"
