dependencies:
- name: redis
  repository: https://charts.bitnami.com/bitnami
  version: 17.3.11
- name: mongodb
  repository: https://charts.bitnami.com/bitnami
  version: 11.1.10
- name: common
  repository: https://charts.bitnami.com/bitnami
  version: 2.0.3
- name: postgresql
  repository: https://charts.bitnami.com/bitnami
  version: 11.1.9
- name: oathkeeper
  repository: https://k8s.ory.sh/helm/charts
  version: 0.25.6
- name: kratos
  repository: https://k8s.ory.sh/helm/charts
  version: 0.26.1
digest: sha256:d932038007e840df2cfbaf43a6d95ea8a295af52dfd7cbc1bb0a222342afba2a
generated: "2022-11-15T09:10:21.223278643Z"
