dependencies:
- name: redis
  repository: https://charts.bitnami.com/bitnami
  version: 18.1.0
- name: mongodb
  repository: https://charts.bitnami.com/bitnami
  version: 14.0.2
- name: postgresql
  repository: https://charts.bitnami.com/bitnami
  version: 11.9.13
- name: oathkeeper
  repository: https://k8s.ory.sh/helm/charts
  version: 0.36.0
- name: kratos
  repository: https://k8s.ory.sh/helm/charts
  version: 0.36.0
- name: router
  repository: oci://ghcr.io/apollographql/helm-charts
  version: 1.25.0
digest: sha256:d182fabd0c050d01c47de64654f76d2a46e55c21ed19d8d7c6b9b7986212bf5f
generated: "2023-09-29T07:10:58.447526654Z"
